// !$*UTF8*$!
{
	archiveVersion = 1;
	classes = {
	};
	objectVersion = 55;
	objects = {

/* Begin PBXBuildFile section */
		4208C5F327853BA80004647D /* carprojtestingApp.swift in Sources */ = {isa = PBXBuildFile; fileRef = 4208C5F227853BA80004647D /* carprojtestingApp.swift */; };
		4208C5F527853BA80004647D /* ContentView.swift in Sources */ = {isa = PBXBuildFile; fileRef = 4208C5F427853BA80004647D /* ContentView.swift */; };
		4208C5F727853BAA0004647D /* Assets.xcassets in Resources */ = {isa = PBXBuildFile; fileRef = 4208C5F627853BAA0004647D /* Assets.xcassets */; };
		4208C5FA27853BAA0004647D /* Preview Assets.xcassets in Resources */ = {isa = PBXBuildFile; fileRef = 4208C5F927853BAA0004647D /* Preview Assets.xcassets */; };
		4208C60227853BE00004647D /* ExternalView.swift in Sources */ = {isa = PBXBuildFile; fileRef = 4208C60127853BE00004647D /* ExternalView.swift */; };
		4208C60527853C170004647D /* UserData.swift in Sources */ = {isa = PBXBuildFile; fileRef = 4208C60427853C170004647D /* UserData.swift */; };
		4208C60A27865C2A0004647D /* NMAKit.xcframework in Frameworks */ = {isa = PBXBuildFile; fileRef = 4208C60927865C2A0004647D /* NMAKit.xcframework */; };
		4208C60B27865C2A0004647D /* NMAKit.xcframework in Embed Frameworks */ = {isa = PBXBuildFile; fileRef = 4208C60927865C2A0004647D /* NMAKit.xcframework */; settings = {ATTRIBUTES = (CodeSignOnCopy, RemoveHeadersOnCopy, ); }; };
		4208C60E27867E6D0004647D /* GlobalMapStateModel.swift in Sources */ = {isa = PBXBuildFile; fileRef = 4208C60D27867E6D0004647D /* GlobalMapStateModel.swift */; };
		4208C61427875C740004647D /* RouteCalcButton.swift in Sources */ = {isa = PBXBuildFile; fileRef = 4208C61327875C740004647D /* RouteCalcButton.swift */; };
		4208C61627875D150004647D /* RouteCalcs.swift in Sources */ = {isa = PBXBuildFile; fileRef = 4208C61527875D150004647D /* RouteCalcs.swift */; };
		4208C61A278842880004647D /* ExternalData.swift in Sources */ = {isa = PBXBuildFile; fileRef = 4208C619278842880004647D /* ExternalData.swift */; };
		4208C61C2788EBAC0004647D /* RouteCalcsView.swift in Sources */ = {isa = PBXBuildFile; fileRef = 4208C61B2788EBAC0004647D /* RouteCalcsView.swift */; };
/* End PBXBuildFile section */

/* Begin PBXCopyFilesBuildPhase section */
		4208C60C27865C2A0004647D /* Embed Frameworks */ = {
			isa = PBXCopyFilesBuildPhase;
			buildActionMask = 2147483647;
			dstPath = "";
			dstSubfolderSpec = 10;
			files = (
				4208C60B27865C2A0004647D /* NMAKit.xcframework in Embed Frameworks */,
			);
			name = "Embed Frameworks";
			runOnlyForDeploymentPostprocessing = 0;
		};
/* End PBXCopyFilesBuildPhase section */

/* Begin PBXFileReference section */
		4208C5EF27853BA80004647D /* carprojtesting.app */ = {isa = PBXFileReference; explicitFileType = wrapper.application; includeInIndex = 0; path = carprojtesting.app; sourceTree = BUILT_PRODUCTS_DIR; };
		4208C5F227853BA80004647D /* carprojtestingApp.swift */ = {isa = PBXFileReference; lastKnownFileType = sourcecode.swift; path = carprojtestingApp.swift; sourceTree = "<group>"; };
		4208C5F427853BA80004647D /* ContentView.swift */ = {isa = PBXFileReference; lastKnownFileType = sourcecode.swift; path = ContentView.swift; sourceTree = "<group>"; };
		4208C5F627853BAA0004647D /* Assets.xcassets */ = {isa = PBXFileReference; lastKnownFileType = folder.assetcatalog; path = Assets.xcassets; sourceTree = "<group>"; };
		4208C5F927853BAA0004647D /* Preview Assets.xcassets */ = {isa = PBXFileReference; lastKnownFileType = folder.assetcatalog; path = "Preview Assets.xcassets"; sourceTree = "<group>"; };
		4208C60127853BE00004647D /* ExternalView.swift */ = {isa = PBXFileReference; lastKnownFileType = sourcecode.swift; path = ExternalView.swift; sourceTree = "<group>"; };
		4208C60427853C170004647D /* UserData.swift */ = {isa = PBXFileReference; lastKnownFileType = sourcecode.swift; path = UserData.swift; sourceTree = "<group>"; };
		4208C60927865C2A0004647D /* NMAKit.xcframework */ = {isa = PBXFileReference; lastKnownFileType = wrapper.xcframework; name = NMAKit.xcframework; path = "../../Downloads/HERESDK-Premium/framework/NMAKit.xcframework"; sourceTree = "<group>"; };
		4208C60D27867E6D0004647D /* GlobalMapStateModel.swift */ = {isa = PBXFileReference; lastKnownFileType = sourcecode.swift; path = GlobalMapStateModel.swift; sourceTree = "<group>"; };
		4208C61327875C740004647D /* RouteCalcButton.swift */ = {isa = PBXFileReference; lastKnownFileType = sourcecode.swift; path = RouteCalcButton.swift; sourceTree = "<group>"; };
		4208C61527875D150004647D /* RouteCalcs.swift */ = {isa = PBXFileReference; lastKnownFileType = sourcecode.swift; path = RouteCalcs.swift; sourceTree = "<group>"; };
		4208C619278842880004647D /* ExternalData.swift */ = {isa = PBXFileReference; lastKnownFileType = sourcecode.swift; path = ExternalData.swift; sourceTree = "<group>"; };
		4208C61B2788EBAC0004647D /* RouteCalcsView.swift */ = {isa = PBXFileReference; lastKnownFileType = sourcecode.swift; path = RouteCalcsView.swift; sourceTree = "<group>"; };
/* End PBXFileReference section */

/* Begin PBXFrameworksBuildPhase section */
		4208C5EC27853BA80004647D /* Frameworks */ = {
			isa = PBXFrameworksBuildPhase;
			buildActionMask = 2147483647;
			files = (
				4208C60A27865C2A0004647D /* NMAKit.xcframework in Frameworks */,
			);
			runOnlyForDeploymentPostprocessing = 0;
		};
/* End PBXFrameworksBuildPhase section */

/* Begin PBXGroup section */
		4208C5E627853BA80004647D = {
			isa = PBXGroup;
			children = (
				4208C5F127853BA80004647D /* carprojtesting */,
				4208C5F027853BA80004647D /* Products */,
				4208C60827865C2A0004647D /* Frameworks */,
			);
			sourceTree = "<group>";
		};
		4208C5F027853BA80004647D /* Products */ = {
			isa = PBXGroup;
			children = (
				4208C5EF27853BA80004647D /* carprojtesting.app */,
			);
			name = Products;
			sourceTree = "<group>";
		};
		4208C5F127853BA80004647D /* carprojtesting */ = {
			isa = PBXGroup;
			children = (
				4208C5F227853BA80004647D /* carprojtestingApp.swift */,
				4208C5F427853BA80004647D /* ContentView.swift */,
				4208C61527875D150004647D /* RouteCalcs.swift */,
				4208C61327875C740004647D /* RouteCalcButton.swift */,
				4208C61B2788EBAC0004647D /* RouteCalcsView.swift */,
				4208C60027853BCB0004647D /* ExternalContent */,
				4208C60327853BFA0004647D /* Data */,
				4208C5F627853BAA0004647D /* Assets.xcassets */,
				4208C5F827853BAA0004647D /* Preview Content */,
			);
			path = carprojtesting;
			sourceTree = "<group>";
		};
		4208C5F827853BAA0004647D /* Preview Content */ = {
			isa = PBXGroup;
			children = (
				4208C5F927853BAA0004647D /* Preview Assets.xcassets */,
			);
			path = "Preview Content";
			sourceTree = "<group>";
		};
		4208C60027853BCB0004647D /* ExternalContent */ = {
			isa = PBXGroup;
			children = (
				4208C60127853BE00004647D /* ExternalView.swift */,
			);
			path = ExternalContent;
			sourceTree = "<group>";
		};
		4208C60327853BFA0004647D /* Data */ = {
			isa = PBXGroup;
			children = (
				4208C60427853C170004647D /* UserData.swift */,
				4208C619278842880004647D /* ExternalData.swift */,
				4208C60D27867E6D0004647D /* GlobalMapStateModel.swift */,
			);
			path = Data;
			sourceTree = "<group>";
		};
		4208C60827865C2A0004647D /* Frameworks */ = {
			isa = PBXGroup;
			children = (
				4208C60927865C2A0004647D /* NMAKit.xcframework */,
			);
			name = Frameworks;
			sourceTree = "<group>";
		};
/* End PBXGroup section */

/* Begin PBXNativeTarget section */
		4208C5EE27853BA80004647D /* carprojtesting */ = {
			isa = PBXNativeTarget;
			buildConfigurationList = 4208C5FD27853BAA0004647D /* Build configuration list for PBXNativeTarget "carprojtesting" */;
			buildPhases = (
				4208C5EB27853BA80004647D /* Sources */,
				4208C5EC27853BA80004647D /* Frameworks */,
				4208C5ED27853BA80004647D /* Resources */,
				4208C60C27865C2A0004647D /* Embed Frameworks */,
			);
			buildRules = (
			);
			dependencies = (
			);
			name = carprojtesting;
			productName = carprojtesting;
			productReference = 4208C5EF27853BA80004647D /* carprojtesting.app */;
			productType = "com.apple.product-type.application";
		};
/* End PBXNativeTarget section */

/* Begin PBXProject section */
		4208C5E727853BA80004647D /* Project object */ = {
			isa = PBXProject;
			attributes = {
				BuildIndependentTargetsInParallel = 1;
				LastSwiftUpdateCheck = 1310;
				LastUpgradeCheck = 1310;
				TargetAttributes = {
					4208C5EE27853BA80004647D = {
						CreatedOnToolsVersion = 13.1;
					};
				};
			};
			buildConfigurationList = 4208C5EA27853BA80004647D /* Build configuration list for PBXProject "carprojtesting" */;
			compatibilityVersion = "Xcode 13.0";
			developmentRegion = en;
			hasScannedForEncodings = 0;
			knownRegions = (
				en,
				Base,
			);
			mainGroup = 4208C5E627853BA80004647D;
			productRefGroup = 4208C5F027853BA80004647D /* Products */;
			projectDirPath = "";
			projectRoot = "";
			targets = (
				4208C5EE27853BA80004647D /* carprojtesting */,
			);
		};
/* End PBXProject section */

/* Begin PBXResourcesBuildPhase section */
		4208C5ED27853BA80004647D /* Resources */ = {
			isa = PBXResourcesBuildPhase;
			buildActionMask = 2147483647;
			files = (
				4208C5FA27853BAA0004647D /* Preview Assets.xcassets in Resources */,
				4208C5F727853BAA0004647D /* Assets.xcassets in Resources */,
			);
			runOnlyForDeploymentPostprocessing = 0;
		};
/* End PBXResourcesBuildPhase section */

/* Begin PBXSourcesBuildPhase section */
		4208C5EB27853BA80004647D /* Sources */ = {
			isa = PBXSourcesBuildPhase;
			buildActionMask = 2147483647;
			files = (
				4208C61427875C740004647D /* RouteCalcButton.swift in Sources */,
				4208C5F527853BA80004647D /* ContentView.swift in Sources */,
				4208C61A278842880004647D /* ExternalData.swift in Sources */,
				4208C60227853BE00004647D /* ExternalView.swift in Sources */,
				4208C61C2788EBAC0004647D /* RouteCalcsView.swift in Sources */,
				4208C60527853C170004647D /* UserData.swift in Sources */,
				4208C5F327853BA80004647D /* carprojtestingApp.swift in Sources */,
				4208C61627875D150004647D /* RouteCalcs.swift in Sources */,
				4208C60E27867E6D0004647D /* GlobalMapStateModel.swift in Sources */,
			);
			runOnlyForDeploymentPostprocessing = 0;
		};
/* End PBXSourcesBuildPhase section */

/* Begin XCBuildConfiguration section */
		4208C5FB27853BAA0004647D /* Debug */ = {
			isa = XCBuildConfiguration;
			buildSettings = {
				ALWAYS_SEARCH_USER_PATHS = NO;
				CLANG_ANALYZER_NONNULL = YES;
				CLANG_ANALYZER_NUMBER_OBJECT_CONVERSION = YES_AGGRESSIVE;
				CLANG_CXX_LANGUAGE_STANDARD = "gnu++17";
				CLANG_CXX_LIBRARY = "libc++";
				CLANG_ENABLE_MODULES = YES;
				CLANG_ENABLE_OBJC_ARC = YES;
				CLANG_ENABLE_OBJC_WEAK = YES;
				CLANG_WARN_BLOCK_CAPTURE_AUTORELEASING = YES;
				CLANG_WARN_BOOL_CONVERSION = YES;
				CLANG_WARN_COMMA = YES;
				CLANG_WARN_CONSTANT_CONVERSION = YES;
				CLANG_WARN_DEPRECATED_OBJC_IMPLEMENTATIONS = YES;
				CLANG_WARN_DIRECT_OBJC_ISA_USAGE = YES_ERROR;
				CLANG_WARN_DOCUMENTATION_COMMENTS = YES;
				CLANG_WARN_EMPTY_BODY = YES;
				CLANG_WARN_ENUM_CONVERSION = YES;
				CLANG_WARN_INFINITE_RECURSION = YES;
				CLANG_WARN_INT_CONVERSION = YES;
				CLANG_WARN_NON_LITERAL_NULL_CONVERSION = YES;
				CLANG_WARN_OBJC_IMPLICIT_RETAIN_SELF = YES;
				CLANG_WARN_OBJC_LITERAL_CONVERSION = YES;
				CLANG_WARN_OBJC_ROOT_CLASS = YES_ERROR;
				CLANG_WARN_QUOTED_INCLUDE_IN_FRAMEWORK_HEADER = YES;
				CLANG_WARN_RANGE_LOOP_ANALYSIS = YES;
				CLANG_WARN_STRICT_PROTOTYPES = YES;
				CLANG_WARN_SUSPICIOUS_MOVE = YES;
				CLANG_WARN_UNGUARDED_AVAILABILITY = YES_AGGRESSIVE;
				CLANG_WARN_UNREACHABLE_CODE = YES;
				CLANG_WARN__DUPLICATE_METHOD_MATCH = YES;
				COPY_PHASE_STRIP = NO;
				DEBUG_INFORMATION_FORMAT = dwarf;
				ENABLE_STRICT_OBJC_MSGSEND = YES;
				ENABLE_TESTABILITY = YES;
				"FRAMEWORK_SEARCH_PATHS[arch=*]" = "/Users/ethanchen/Downloads/HERESDK-Premium/framework";
				GCC_C_LANGUAGE_STANDARD = gnu11;
				GCC_DYNAMIC_NO_PIC = NO;
				GCC_NO_COMMON_BLOCKS = YES;
				GCC_OPTIMIZATION_LEVEL = 0;
				GCC_PREPROCESSOR_DEFINITIONS = (
					"DEBUG=1",
					"$(inherited)",
				);
				GCC_WARN_64_TO_32_BIT_CONVERSION = YES;
				GCC_WARN_ABOUT_RETURN_TYPE = YES_ERROR;
				GCC_WARN_UNDECLARED_SELECTOR = YES;
				GCC_WARN_UNINITIALIZED_AUTOS = YES_AGGRESSIVE;
				GCC_WARN_UNUSED_FUNCTION = YES;
				GCC_WARN_UNUSED_VARIABLE = YES;
				IPHONEOS_DEPLOYMENT_TARGET = 15.0;
				MTL_ENABLE_DEBUG_INFO = INCLUDE_SOURCE;
				MTL_FAST_MATH = YES;
				ONLY_ACTIVE_ARCH = YES;
				SDKROOT = iphoneos;
				SWIFT_ACTIVE_COMPILATION_CONDITIONS = DEBUG;
				SWIFT_OPTIMIZATION_LEVEL = "-Onone";
			};
			name = Debug;
		};
		4208C5FC27853BAA0004647D /* Release */ = {
			isa = XCBuildConfiguration;
			buildSettings = {
				ALWAYS_SEARCH_USER_PATHS = NO;
				CLANG_ANALYZER_NONNULL = YES;
				CLANG_ANALYZER_NUMBER_OBJECT_CONVERSION = YES_AGGRESSIVE;
				CLANG_CXX_LANGUAGE_STANDARD = "gnu++17";
				CLANG_CXX_LIBRARY = "libc++";
				CLANG_ENABLE_MODULES = YES;
				CLANG_ENABLE_OBJC_ARC = YES;
				CLANG_ENABLE_OBJC_WEAK = YES;
				CLANG_WARN_BLOCK_CAPTURE_AUTORELEASING = YES;
				CLANG_WARN_BOOL_CONVERSION = YES;
				CLANG_WARN_COMMA = YES;
				CLANG_WARN_CONSTANT_CONVERSION = YES;
				CLANG_WARN_DEPRECATED_OBJC_IMPLEMENTATIONS = YES;
				CLANG_WARN_DIRECT_OBJC_ISA_USAGE = YES_ERROR;
				CLANG_WARN_DOCUMENTATION_COMMENTS = YES;
				CLANG_WARN_EMPTY_BODY = YES;
				CLANG_WARN_ENUM_CONVERSION = YES;
				CLANG_WARN_INFINITE_RECURSION = YES;
				CLANG_WARN_INT_CONVERSION = YES;
				CLANG_WARN_NON_LITERAL_NULL_CONVERSION = YES;
				CLANG_WARN_OBJC_IMPLICIT_RETAIN_SELF = YES;
				CLANG_WARN_OBJC_LITERAL_CONVERSION = YES;
				CLANG_WARN_OBJC_ROOT_CLASS = YES_ERROR;
				CLANG_WARN_QUOTED_INCLUDE_IN_FRAMEWORK_HEADER = YES;
				CLANG_WARN_RANGE_LOOP_ANALYSIS = YES;
				CLANG_WARN_STRICT_PROTOTYPES = YES;
				CLANG_WARN_SUSPICIOUS_MOVE = YES;
				CLANG_WARN_UNGUARDED_AVAILABILITY = YES_AGGRESSIVE;
				CLANG_WARN_UNREACHABLE_CODE = YES;
				CLANG_WARN__DUPLICATE_METHOD_MATCH = YES;
				COPY_PHASE_STRIP = NO;
				DEBUG_INFORMATION_FORMAT = "dwarf-with-dsym";
				ENABLE_NS_ASSERTIONS = NO;
				ENABLE_STRICT_OBJC_MSGSEND = YES;
				"FRAMEWORK_SEARCH_PATHS[arch=*]" = "/Users/ethanchen/Downloads/HERESDK-Premium/framework";
				GCC_C_LANGUAGE_STANDARD = gnu11;
				GCC_NO_COMMON_BLOCKS = YES;
				GCC_WARN_64_TO_32_BIT_CONVERSION = YES;
				GCC_WARN_ABOUT_RETURN_TYPE = YES_ERROR;
				GCC_WARN_UNDECLARED_SELECTOR = YES;
				GCC_WARN_UNINITIALIZED_AUTOS = YES_AGGRESSIVE;
				GCC_WARN_UNUSED_FUNCTION = YES;
				GCC_WARN_UNUSED_VARIABLE = YES;
				IPHONEOS_DEPLOYMENT_TARGET = 15.0;
				MTL_ENABLE_DEBUG_INFO = NO;
				MTL_FAST_MATH = YES;
				SDKROOT = iphoneos;
				SWIFT_COMPILATION_MODE = wholemodule;
				SWIFT_OPTIMIZATION_LEVEL = "-O";
				VALIDATE_PRODUCT = YES;
			};
			name = Release;
		};
		4208C5FE27853BAA0004647D /* Debug */ = {
			isa = XCBuildConfiguration;
			buildSettings = {
				ASSETCATALOG_COMPILER_APPICON_NAME = AppIcon;
				ASSETCATALOG_COMPILER_GLOBAL_ACCENT_COLOR_NAME = AccentColor;
				CODE_SIGN_STYLE = Automatic;
				CURRENT_PROJECT_VERSION = 1;
				DEVELOPMENT_ASSET_PATHS = "carprojtesting/Preview\\ Content";
				DEVELOPMENT_TEAM = GMBS72F94X;
				ENABLE_PREVIEWS = YES;
				"EXCLUDED_ARCHS[sdk=iphonesimulator*]" = arm64;
				GENERATE_INFOPLIST_FILE = YES;
				INFOPLIST_KEY_NSLocationWhenInUseUsageDescription = "Track GPS location while navigating";
				INFOPLIST_KEY_UIApplicationSceneManifest_Generation = YES;
				INFOPLIST_KEY_UIApplicationSupportsIndirectInputEvents = YES;
				INFOPLIST_KEY_UILaunchScreen_Generation = YES;
				INFOPLIST_KEY_UISupportedInterfaceOrientations_iPad = "UIInterfaceOrientationPortrait UIInterfaceOrientationPortraitUpsideDown UIInterfaceOrientationLandscapeLeft UIInterfaceOrientationLandscapeRight";
				INFOPLIST_KEY_UISupportedInterfaceOrientations_iPhone = "UIInterfaceOrientationPortrait UIInterfaceOrientationLandscapeLeft UIInterfaceOrientationLandscapeRight";
				LD_RUNPATH_SEARCH_PATHS = (
					"$(inherited)",
					"@executable_path/Frameworks",
				);
				MARKETING_VERSION = 1.0;
				PRODUCT_BUNDLE_IDENTIFIER = com.chen.testing;
				PRODUCT_NAME = "$(TARGET_NAME)";
				SWIFT_EMIT_LOC_STRINGS = YES;
				SWIFT_VERSION = 5.0;
				TARGETED_DEVICE_FAMILY = "1,2";
			};
			name = Debug;
		};
		4208C5FF27853BAA0004647D /* Release */ = {
			isa = XCBuildConfiguration;
			buildSettings = {
				ASSETCATALOG_COMPILER_APPICON_NAME = AppIcon;
				ASSETCATALOG_COMPILER_GLOBAL_ACCENT_COLOR_NAME = AccentColor;
				CODE_SIGN_STYLE = Automatic;
				CURRENT_PROJECT_VERSION = 1;
				DEVELOPMENT_ASSET_PATHS = "carprojtesting/Preview\\ Content";
				DEVELOPMENT_TEAM = GMBS72F94X;
				ENABLE_PREVIEWS = YES;
				"EXCLUDED_ARCHS[sdk=iphonesimulator*]" = arm64;
				GENERATE_INFOPLIST_FILE = YES;
				INFOPLIST_KEY_NSLocationWhenInUseUsageDescription = "Track GPS location while navigating";
				INFOPLIST_KEY_UIApplicationSceneManifest_Generation = YES;
				INFOPLIST_KEY_UIApplicationSupportsIndirectInputEvents = YES;
				INFOPLIST_KEY_UILaunchScreen_Generation = YES;
				INFOPLIST_KEY_UISupportedInterfaceOrientations_iPad = "UIInterfaceOrientationPortrait UIInterfaceOrientationPortraitUpsideDown UIInterfaceOrientationLandscapeLeft UIInterfaceOrientationLandscapeRight";
				INFOPLIST_KEY_UISupportedInterfaceOrientations_iPhone = "UIInterfaceOrientationPortrait UIInterfaceOrientationLandscapeLeft UIInterfaceOrientationLandscapeRight";
				LD_RUNPATH_SEARCH_PATHS = (
					"$(inherited)",
					"@executable_path/Frameworks",
				);
				MARKETING_VERSION = 1.0;
				PRODUCT_BUNDLE_IDENTIFIER = com.chen.testing;
				PRODUCT_NAME = "$(TARGET_NAME)";
				SWIFT_EMIT_LOC_STRINGS = YES;
				SWIFT_VERSION = 5.0;
				TARGETED_DEVICE_FAMILY = "1,2";
			};
			name = Release;
		};
/* End XCBuildConfiguration section */

/* Begin XCConfigurationList section */
		4208C5EA27853BA80004647D /* Build configuration list for PBXProject "carprojtesting" */ = {
			isa = XCConfigurationList;
			buildConfigurations = (
				4208C5FB27853BAA0004647D /* Debug */,
				4208C5FC27853BAA0004647D /* Release */,
			);
			defaultConfigurationIsVisible = 0;
			defaultConfigurationName = Release;
		};
		4208C5FD27853BAA0004647D /* Build configuration list for PBXNativeTarget "carprojtesting" */ = {
			isa = XCConfigurationList;
			buildConfigurations = (
				4208C5FE27853BAA0004647D /* Debug */,
				4208C5FF27853BAA0004647D /* Release */,
			);
			defaultConfigurationIsVisible = 0;
			defaultConfigurationName = Release;
		};
/* End XCConfigurationList section */
	};
	rootObject = 4208C5E727853BA80004647D /* Project object */;
}
